
Microsoft Visual Studio Solution File, Format Version 12.00
# Visual Studio Version 16
VisualStudioVersion = 16.0.810.9
MinimumVisualStudioVersion = 10.0.40219.1
Project("{FAE04EC0-301F-11D3-BF4B-00C04F79EFBC}") = "Posts.Android", "Posts.Android\Posts.Android.csproj", "{E840F254-C142-4646-95D4-195A2E4D48EB}"
EndProject
Project("{FAE04EC0-301F-11D3-BF4B-00C04F79EFBC}") = "Posts.iOS", "Posts.iOS\Posts.iOS.csproj", "{9B0F73FA-245C-4597-8DE5-A1F885A4F336}"
EndProject
Project("{FAE04EC0-301F-11D3-BF4B-00C04F79EFBC}") = "Posts", "Posts\Posts.csproj", "{242025EE-70B0-418D-80D2-34F35620E73E}"
EndProject
Global
	GlobalSection(SolutionConfigurationPlatforms) = preSolution
		Debug|Any CPU = Debug|Any CPU
		Release|Any CPU = Release|Any CPU
		Debug|iPhoneSimulator = Debug|iPhoneSimulator
		Release|iPhoneSimulator = Release|iPhoneSimulator
		Debug|iPhone = Debug|iPhone
		Release|iPhone = Release|iPhone
	EndGlobalSection
	GlobalSection(ProjectConfigurationPlatforms) = postSolution
		{E840F254-C142-4646-95D4-195A2E4D48EB}.Debug|Any CPU.ActiveCfg = Debug|Any CPU
		{E840F254-C142-4646-95D4-195A2E4D48EB}.Debug|Any CPU.Build.0 = Debug|Any CPU
		{E840F254-C142-4646-95D4-195A2E4D48EB}.Release|Any CPU.ActiveCfg = Release|Any CPU
		{E840F254-C142-4646-95D4-195A2E4D48EB}.Release|Any CPU.Build.0 = Release|Any CPU
		{E840F254-C142-4646-95D4-195A2E4D48EB}.Debug|iPhoneSimulator.ActiveCfg = Debug|Any CPU
		{E840F254-C142-4646-95D4-195A2E4D48EB}.Debug|iPhoneSimulator.Build.0 = Debug|Any CPU
		{E840F254-C142-4646-95D4-195A2E4D48EB}.Release|iPhoneSimulator.ActiveCfg = Release|Any CPU
		{E840F254-C142-4646-95D4-195A2E4D48EB}.Release|iPhoneSimulator.Build.0 = Release|Any CPU
		{E840F254-C142-4646-95D4-195A2E4D48EB}.Debug|iPhone.ActiveCfg = Debug|Any CPU
		{E840F254-C142-4646-95D4-195A2E4D48EB}.Debug|iPhone.Build.0 = Debug|Any CPU
		{E840F254-C142-4646-95D4-195A2E4D48EB}.Release|iPhone.ActiveCfg = Release|Any CPU
		{E840F254-C142-4646-95D4-195A2E4D48EB}.Release|iPhone.Build.0 = Release|Any CPU
		{9B0F73FA-245C-4597-8DE5-A1F885A4F336}.Debug|Any CPU.ActiveCfg = Debug|iPhoneSimulator
		{9B0F73FA-245C-4597-8DE5-A1F885A4F336}.Debug|Any CPU.Build.0 = Debug|iPhoneSimulator
		{9B0F73FA-245C-4597-8DE5-A1F885A4F336}.Release|Any CPU.ActiveCfg = Release|iPhoneSimulator
		{9B0F73FA-245C-4597-8DE5-A1F885A4F336}.Release|Any CPU.Build.0 = Release|iPhoneSimulator
		{9B0F73FA-245C-4597-8DE5-A1F885A4F336}.Debug|iPhoneSimulator.ActiveCfg = Debug|iPhoneSimulator
		{9B0F73FA-245C-4597-8DE5-A1F885A4F336}.Debug|iPhoneSimulator.Build.0 = Debug|iPhoneSimulator
		{9B0F73FA-245C-4597-8DE5-A1F885A4F336}.Release|iPhoneSimulator.ActiveCfg = Release|iPhoneSimulator
		{9B0F73FA-245C-4597-8DE5-A1F885A4F336}.Release|iPhoneSimulator.Build.0 = Release|iPhoneSimulator
		{9B0F73FA-245C-4597-8DE5-A1F885A4F336}.Debug|iPhone.ActiveCfg = Debug|iPhone
		{9B0F73FA-245C-4597-8DE5-A1F885A4F336}.Debug|iPhone.Build.0 = Debug|iPhone
		{9B0F73FA-245C-4597-8DE5-A1F885A4F336}.Release|iPhone.ActiveCfg = Release|iPhone
		{9B0F73FA-245C-4597-8DE5-A1F885A4F336}.Release|iPhone.Build.0 = Release|iPhone
		{242025EE-70B0-418D-80D2-34F35620E73E}.Debug|Any CPU.ActiveCfg = Debug|Any CPU
		{242025EE-70B0-418D-80D2-34F35620E73E}.Debug|Any CPU.Build.0 = Debug|Any CPU
		{242025EE-70B0-418D-80D2-34F35620E73E}.Release|Any CPU.ActiveCfg = Release|Any CPU
		{242025EE-70B0-418D-80D2-34F35620E73E}.Release|Any CPU.Build.0 = Release|Any CPU
		{242025EE-70B0-418D-80D2-34F35620E73E}.Debug|iPhoneSimulator.ActiveCfg = Debug|Any CPU
		{242025EE-70B0-418D-80D2-34F35620E73E}.Debug|iPhoneSimulator.Build.0 = Debug|Any CPU
		{242025EE-70B0-418D-80D2-34F35620E73E}.Release|iPhoneSimulator.ActiveCfg = Release|Any CPU
		{242025EE-70B0-418D-80D2-34F35620E73E}.Release|iPhoneSimulator.Build.0 = Release|Any CPU
		{242025EE-70B0-418D-80D2-34F35620E73E}.Debug|iPhone.ActiveCfg = Debug|Any CPU
		{242025EE-70B0-418D-80D2-34F35620E73E}.Debug|iPhone.Build.0 = Debug|Any CPU
		{242025EE-70B0-418D-80D2-34F35620E73E}.Release|iPhone.ActiveCfg = Release|Any CPU
		{242025EE-70B0-418D-80D2-34F35620E73E}.Release|iPhone.Build.0 = Release|Any CPU
	EndGlobalSection
	GlobalSection(SolutionProperties) = preSolution
		HideSolutionNode = FALSE
	EndGlobalSection
	GlobalSection(ExtensibilityGlobals) = postSolution
		SolutionGuid = {CE694D0F-5DA6-4E96-830C-CEA5C14AFEFC}
	EndGlobalSection
EndGlobal
